// !$*UTF8*$!
{
	archiveVersion = 1;
	classes = {
	};
	objectVersion = 46;
	objects = {

/* Begin PBXBuildFile section */
		0188C0CF1F3020F8006962F8 /* LoginViewController.swift in Sources */ = {isa = PBXBuildFile; fileRef = 0188C0CE1F3020F8006962F8 /* LoginViewController.swift */; };
		0188C0D11F302279006962F8 /* HomePageViewController.swift in Sources */ = {isa = PBXBuildFile; fileRef = 0188C0D01F302279006962F8 /* HomePageViewController.swift */; };
		0188C0D31F302525006962F8 /* GoogleService-Info.plist in Resources */ = {isa = PBXBuildFile; fileRef = 0188C0D21F302525006962F8 /* GoogleService-Info.plist */; };
		0188C0D51F306FB6006962F8 /* ClientRepository.swift in Sources */ = {isa = PBXBuildFile; fileRef = 0188C0D41F306FB6006962F8 /* ClientRepository.swift */; };
		0188C0D71F30798A006962F8 /* BackendUtilities.swift in Sources */ = {isa = PBXBuildFile; fileRef = 0188C0D61F30798A006962F8 /* BackendUtilities.swift */; };
		0190D6E21F2F209100ACDC6C /* AppDelegate.swift in Sources */ = {isa = PBXBuildFile; fileRef = 0190D6E11F2F209100ACDC6C /* AppDelegate.swift */; };
		0190D6E41F2F209100ACDC6C /* ViewController.swift in Sources */ = {isa = PBXBuildFile; fileRef = 0190D6E31F2F209100ACDC6C /* ViewController.swift */; };
		0190D6E71F2F209100ACDC6C /* Main.storyboard in Resources */ = {isa = PBXBuildFile; fileRef = 0190D6E51F2F209100ACDC6C /* Main.storyboard */; };
		0190D6EA1F2F209100ACDC6C /* IOSShuttle.xcdatamodeld in Sources */ = {isa = PBXBuildFile; fileRef = 0190D6E81F2F209100ACDC6C /* IOSShuttle.xcdatamodeld */; };
		0190D6EC1F2F209100ACDC6C /* Assets.xcassets in Resources */ = {isa = PBXBuildFile; fileRef = 0190D6EB1F2F209100ACDC6C /* Assets.xcassets */; };
		0190D6EF1F2F209100ACDC6C /* LaunchScreen.storyboard in Resources */ = {isa = PBXBuildFile; fileRef = 0190D6ED1F2F209100ACDC6C /* LaunchScreen.storyboard */; };
		8F5731F6EDD455A2A2339EC8 /* Pods_IOSShuttle.framework in Frameworks */ = {isa = PBXBuildFile; fileRef = 3B304FCEA7DE2DF96C6152A3 /* Pods_IOSShuttle.framework */; };
/* End PBXBuildFile section */

/* Begin PBXFileReference section */
		0188C0CE1F3020F8006962F8 /* LoginViewController.swift */ = {isa = PBXFileReference; fileEncoding = 4; lastKnownFileType = sourcecode.swift; path = LoginViewController.swift; sourceTree = "<group>"; };
		0188C0D01F302279006962F8 /* HomePageViewController.swift */ = {isa = PBXFileReference; fileEncoding = 4; lastKnownFileType = sourcecode.swift; path = HomePageViewController.swift; sourceTree = "<group>"; };
		0188C0D21F302525006962F8 /* GoogleService-Info.plist */ = {isa = PBXFileReference; fileEncoding = 4; lastKnownFileType = text.plist.xml; path = "GoogleService-Info.plist"; sourceTree = "<group>"; };
		0188C0D41F306FB6006962F8 /* ClientRepository.swift */ = {isa = PBXFileReference; fileEncoding = 4; lastKnownFileType = sourcecode.swift; path = ClientRepository.swift; sourceTree = "<group>"; };
		0188C0D61F30798A006962F8 /* BackendUtilities.swift */ = {isa = PBXFileReference; fileEncoding = 4; lastKnownFileType = sourcecode.swift; path = BackendUtilities.swift; sourceTree = "<group>"; };
		0190D6DE1F2F209100ACDC6C /* IOSShuttle.app */ = {isa = PBXFileReference; explicitFileType = wrapper.application; includeInIndex = 0; path = IOSShuttle.app; sourceTree = BUILT_PRODUCTS_DIR; };
		0190D6E11F2F209100ACDC6C /* AppDelegate.swift */ = {isa = PBXFileReference; lastKnownFileType = sourcecode.swift; path = AppDelegate.swift; sourceTree = "<group>"; };
		0190D6E31F2F209100ACDC6C /* ViewController.swift */ = {isa = PBXFileReference; lastKnownFileType = sourcecode.swift; path = ViewController.swift; sourceTree = "<group>"; };
		0190D6E61F2F209100ACDC6C /* Base */ = {isa = PBXFileReference; lastKnownFileType = file.storyboard; name = Base; path = Base.lproj/Main.storyboard; sourceTree = "<group>"; };
		0190D6E91F2F209100ACDC6C /* IOSShuttle.xcdatamodel */ = {isa = PBXFileReference; lastKnownFileType = wrapper.xcdatamodel; path = IOSShuttle.xcdatamodel; sourceTree = "<group>"; };
		0190D6EB1F2F209100ACDC6C /* Assets.xcassets */ = {isa = PBXFileReference; lastKnownFileType = folder.assetcatalog; path = Assets.xcassets; sourceTree = "<group>"; };
		0190D6EE1F2F209100ACDC6C /* Base */ = {isa = PBXFileReference; lastKnownFileType = file.storyboard; name = Base; path = Base.lproj/LaunchScreen.storyboard; sourceTree = "<group>"; };
		0190D6F01F2F209100ACDC6C /* Info.plist */ = {isa = PBXFileReference; lastKnownFileType = text.plist.xml; path = Info.plist; sourceTree = "<group>"; };
		3B304FCEA7DE2DF96C6152A3 /* Pods_IOSShuttle.framework */ = {isa = PBXFileReference; explicitFileType = wrapper.framework; includeInIndex = 0; path = Pods_IOSShuttle.framework; sourceTree = BUILT_PRODUCTS_DIR; };
		54145CFBCDCB32E1D8EBCD4D /* Pods-IOSShuttle.release.xcconfig */ = {isa = PBXFileReference; includeInIndex = 1; lastKnownFileType = text.xcconfig; name = "Pods-IOSShuttle.release.xcconfig"; path = "Pods/Target Support Files/Pods-IOSShuttle/Pods-IOSShuttle.release.xcconfig"; sourceTree = "<group>"; };
		AB48E0BDF022889C17DE94EC /* Pods-IOSShuttle.debug.xcconfig */ = {isa = PBXFileReference; includeInIndex = 1; lastKnownFileType = text.xcconfig; name = "Pods-IOSShuttle.debug.xcconfig"; path = "Pods/Target Support Files/Pods-IOSShuttle/Pods-IOSShuttle.debug.xcconfig"; sourceTree = "<group>"; };
/* End PBXFileReference section */

/* Begin PBXFrameworksBuildPhase section */
		0190D6DB1F2F209100ACDC6C /* Frameworks */ = {
			isa = PBXFrameworksBuildPhase;
			buildActionMask = 2147483647;
			files = (
				8F5731F6EDD455A2A2339EC8 /* Pods_IOSShuttle.framework in Frameworks */,
			);
			runOnlyForDeploymentPostprocessing = 0;
		};
/* End PBXFrameworksBuildPhase section */

/* Begin PBXGroup section */
		0190D6D51F2F209100ACDC6C = {
			isa = PBXGroup;
			children = (
				0190D6E01F2F209100ACDC6C /* IOSShuttle */,
				0190D6DF1F2F209100ACDC6C /* Products */,
				A79BB16FA70AD0B10E9DAE74 /* Pods */,
				1A190D315D679EE7A0E2A586 /* Frameworks */,
			);
			sourceTree = "<group>";
		};
		0190D6DF1F2F209100ACDC6C /* Products */ = {
			isa = PBXGroup;
			children = (
				0190D6DE1F2F209100ACDC6C /* IOSShuttle.app */,
			);
			name = Products;
			sourceTree = "<group>";
		};
		0190D6E01F2F209100ACDC6C /* IOSShuttle */ = {
			isa = PBXGroup;
			children = (
				0188C0D21F302525006962F8 /* GoogleService-Info.plist */,
				0190D6E11F2F209100ACDC6C /* AppDelegate.swift */,
				0190D6E31F2F209100ACDC6C /* ViewController.swift */,
				0190D6E51F2F209100ACDC6C /* Main.storyboard */,
				0190D6EB1F2F209100ACDC6C /* Assets.xcassets */,
				0190D6ED1F2F209100ACDC6C /* LaunchScreen.storyboard */,
				0190D6F01F2F209100ACDC6C /* Info.plist */,
				0190D6E81F2F209100ACDC6C /* IOSShuttle.xcdatamodeld */,
				0188C0CE1F3020F8006962F8 /* LoginViewController.swift */,
				0188C0D01F302279006962F8 /* HomePageViewController.swift */,
				0188C0D41F306FB6006962F8 /* ClientRepository.swift */,
				0188C0D61F30798A006962F8 /* BackendUtilities.swift */,
			);
			path = IOSShuttle;
			sourceTree = "<group>";
		};
		1A190D315D679EE7A0E2A586 /* Frameworks */ = {
			isa = PBXGroup;
			children = (
				3B304FCEA7DE2DF96C6152A3 /* Pods_IOSShuttle.framework */,
			);
			name = Frameworks;
			sourceTree = "<group>";
		};
		A79BB16FA70AD0B10E9DAE74 /* Pods */ = {
			isa = PBXGroup;
			children = (
				AB48E0BDF022889C17DE94EC /* Pods-IOSShuttle.debug.xcconfig */,
				54145CFBCDCB32E1D8EBCD4D /* Pods-IOSShuttle.release.xcconfig */,
			);
			name = Pods;
			sourceTree = "<group>";
		};
/* End PBXGroup section */

/* Begin PBXNativeTarget section */
		0190D6DD1F2F209100ACDC6C /* IOSShuttle */ = {
			isa = PBXNativeTarget;
			buildConfigurationList = 0190D6F31F2F209100ACDC6C /* Build configuration list for PBXNativeTarget "IOSShuttle" */;
			buildPhases = (
				E16D3F66B28AEE6DBAC690CB /* [CP] Check Pods Manifest.lock */,
				0190D6DA1F2F209100ACDC6C /* Sources */,
				0190D6DB1F2F209100ACDC6C /* Frameworks */,
				0190D6DC1F2F209100ACDC6C /* Resources */,
				9509FE1EB70B8DE3E6E85A51 /* [CP] Embed Pods Frameworks */,
				9C14B0949B9FF07931852E14 /* [CP] Copy Pods Resources */,
			);
			buildRules = (
			);
			dependencies = (
			);
			name = IOSShuttle;
			productName = IOSShuttle;
			productReference = 0190D6DE1F2F209100ACDC6C /* IOSShuttle.app */;
			productType = "com.apple.product-type.application";
		};
/* End PBXNativeTarget section */

/* Begin PBXProject section */
		0190D6D61F2F209100ACDC6C /* Project object */ = {
			isa = PBXProject;
			attributes = {
				LastSwiftUpdateCheck = 0810;
				LastUpgradeCheck = 0810;
				ORGANIZATIONNAME = MTMAC23;
				TargetAttributes = {
					0190D6DD1F2F209100ACDC6C = {
						CreatedOnToolsVersion = 8.1;
						DevelopmentTeam = 62PYG5KRDL;
						ProvisioningStyle = Automatic;
					};
				};
			};
			buildConfigurationList = 0190D6D91F2F209100ACDC6C /* Build configuration list for PBXProject "IOSShuttle" */;
			compatibilityVersion = "Xcode 3.2";
			developmentRegion = English;
			hasScannedForEncodings = 0;
			knownRegions = (
				en,
				Base,
			);
			mainGroup = 0190D6D51F2F209100ACDC6C;
			productRefGroup = 0190D6DF1F2F209100ACDC6C /* Products */;
			projectDirPath = "";
			projectRoot = "";
			targets = (
				0190D6DD1F2F209100ACDC6C /* IOSShuttle */,
			);
		};
/* End PBXProject section */

/* Begin PBXResourcesBuildPhase section */
		0190D6DC1F2F209100ACDC6C /* Resources */ = {
			isa = PBXResourcesBuildPhase;
			buildActionMask = 2147483647;
			files = (
				0190D6EF1F2F209100ACDC6C /* LaunchScreen.storyboard in Resources */,
				0188C0D31F302525006962F8 /* GoogleService-Info.plist in Resources */,
				0190D6EC1F2F209100ACDC6C /* Assets.xcassets in Resources */,
				0190D6E71F2F209100ACDC6C /* Main.storyboard in Resources */,
			);
			runOnlyForDeploymentPostprocessing = 0;
		};
/* End PBXResourcesBuildPhase section */

/* Begin PBXShellScriptBuildPhase section */
		9509FE1EB70B8DE3E6E85A51 /* [CP] Embed Pods Frameworks */ = {
			isa = PBXShellScriptBuildPhase;
			buildActionMask = 2147483647;
			files = (
			);
			inputPaths = (
			);
			name = "[CP] Embed Pods Frameworks";
			outputPaths = (
			);
			runOnlyForDeploymentPostprocessing = 0;
			shellPath = /bin/sh;
			shellScript = "\"${SRCROOT}/Pods/Target Support Files/Pods-IOSShuttle/Pods-IOSShuttle-frameworks.sh\"\n";
			showEnvVarsInLog = 0;
		};
		9C14B0949B9FF07931852E14 /* [CP] Copy Pods Resources */ = {
			isa = PBXShellScriptBuildPhase;
			buildActionMask = 2147483647;
			files = (
			);
			inputPaths = (
			);
			name = "[CP] Copy Pods Resources";
			outputPaths = (
			);
			runOnlyForDeploymentPostprocessing = 0;
			shellPath = /bin/sh;
			shellScript = "\"${SRCROOT}/Pods/Target Support Files/Pods-IOSShuttle/Pods-IOSShuttle-resources.sh\"\n";
			showEnvVarsInLog = 0;
		};
		E16D3F66B28AEE6DBAC690CB /* [CP] Check Pods Manifest.lock */ = {
			isa = PBXShellScriptBuildPhase;
			buildActionMask = 2147483647;
			files = (
			);
			inputPaths = (
			);
			name = "[CP] Check Pods Manifest.lock";
			outputPaths = (
			);
			runOnlyForDeploymentPostprocessing = 0;
			shellPath = /bin/sh;
			shellScript = "diff \"${PODS_PODFILE_DIR_PATH}/Podfile.lock\" \"${PODS_ROOT}/Manifest.lock\" > /dev/null\nif [ $? != 0 ] ; then\n    # print error to STDERR\n    echo \"error: The sandbox is not in sync with the Podfile.lock. Run 'pod install' or update your CocoaPods installation.\" >&2\n    exit 1\nfi\n";
			showEnvVarsInLog = 0;
		};
/* End PBXShellScriptBuildPhase section */

/* Begin PBXSourcesBuildPhase section */
		0190D6DA1F2F209100ACDC6C /* Sources */ = {
			isa = PBXSourcesBuildPhase;
			buildActionMask = 2147483647;
			files = (
				0188C0D51F306FB6006962F8 /* ClientRepository.swift in Sources */,
				0188C0CF1F3020F8006962F8 /* LoginViewController.swift in Sources */,
				0188C0D71F30798A006962F8 /* BackendUtilities.swift in Sources */,
				0190D6E41F2F209100ACDC6C /* ViewController.swift in Sources */,
				0190D6EA1F2F209100ACDC6C /* IOSShuttle.xcdatamodeld in Sources */,
				0188C0D11F302279006962F8 /* HomePageViewController.swift in Sources */,
				0190D6E21F2F209100ACDC6C /* AppDelegate.swift in Sources */,
			);
			runOnlyForDeploymentPostprocessing = 0;
		};
/* End PBXSourcesBuildPhase section */

/* Begin PBXVariantGroup section */
		0190D6E51F2F209100ACDC6C /* Main.storyboard */ = {
			isa = PBXVariantGroup;
			children = (
				0190D6E61F2F209100ACDC6C /* Base */,
			);
			name = Main.storyboard;
			sourceTree = "<group>";
		};
		0190D6ED1F2F209100ACDC6C /* LaunchScreen.storyboard */ = {
			isa = PBXVariantGroup;
			children = (
				0190D6EE1F2F209100ACDC6C /* Base */,
			);
			name = LaunchScreen.storyboard;
			sourceTree = "<group>";
		};
/* End PBXVariantGroup section */

/* Begin XCBuildConfiguration section */
		0190D6F11F2F209100ACDC6C /* Debug */ = {
			isa = XCBuildConfiguration;
			buildSettings = {
				ALWAYS_SEARCH_USER_PATHS = NO;
				CLANG_ANALYZER_NONNULL = YES;
				CLANG_CXX_LANGUAGE_STANDARD = "gnu++0x";
				CLANG_CXX_LIBRARY = "libc++";
				CLANG_ENABLE_MODULES = YES;
				CLANG_ENABLE_OBJC_ARC = YES;
				CLANG_WARN_BOOL_CONVERSION = YES;
				CLANG_WARN_CONSTANT_CONVERSION = YES;
				CLANG_WARN_DIRECT_OBJC_ISA_USAGE = YES_ERROR;
				CLANG_WARN_DOCUMENTATION_COMMENTS = YES;
				CLANG_WARN_EMPTY_BODY = YES;
				CLANG_WARN_ENUM_CONVERSION = YES;
				CLANG_WARN_INFINITE_RECURSION = YES;
				CLANG_WARN_INT_CONVERSION = YES;
				CLANG_WARN_OBJC_ROOT_CLASS = YES_ERROR;
				CLANG_WARN_SUSPICIOUS_MOVES = YES;
				CLANG_WARN_UNREACHABLE_CODE = YES;
				CLANG_WARN__DUPLICATE_METHOD_MATCH = YES;
				"CODE_SIGN_IDENTITY[sdk=iphoneos*]" = "iPhone Developer";
				COPY_PHASE_STRIP = NO;
				DEBUG_INFORMATION_FORMAT = dwarf;
				ENABLE_STRICT_OBJC_MSGSEND = YES;
				ENABLE_TESTABILITY = YES;
				GCC_C_LANGUAGE_STANDARD = gnu99;
				GCC_DYNAMIC_NO_PIC = NO;
				GCC_NO_COMMON_BLOCKS = YES;
				GCC_OPTIMIZATION_LEVEL = 0;
				GCC_PREPROCESSOR_DEFINITIONS = (
					"DEBUG=1",
					"$(inherited)",
				);
				GCC_WARN_64_TO_32_BIT_CONVERSION = YES;
				GCC_WARN_ABOUT_RETURN_TYPE = YES_ERROR;
				GCC_WARN_UNDECLARED_SELECTOR = YES;
				GCC_WARN_UNINITIALIZED_AUTOS = YES_AGGRESSIVE;
				GCC_WARN_UNUSED_FUNCTION = YES;
				GCC_WARN_UNUSED_VARIABLE = YES;
				IPHONEOS_DEPLOYMENT_TARGET = 10.1;
				MTL_ENABLE_DEBUG_INFO = YES;
				ONLY_ACTIVE_ARCH = YES;
				SDKROOT = iphoneos;
				SWIFT_ACTIVE_COMPILATION_CONDITIONS = DEBUG;
				SWIFT_OPTIMIZATION_LEVEL = "-Onone";
				TARGETED_DEVICE_FAMILY = "1,2";
			};
			name = Debug;
		};
		0190D6F21F2F209100ACDC6C /* Release */ = {
			isa = XCBuildConfiguration;
			buildSettings = {
				ALWAYS_SEARCH_USER_PATHS = NO;
				CLANG_ANALYZER_NONNULL = YES;
				CLANG_CXX_LANGUAGE_STANDARD = "gnu++0x";
				CLANG_CXX_LIBRARY = "libc++";
				CLANG_ENABLE_MODULES = YES;
				CLANG_ENABLE_OBJC_ARC = YES;
				CLANG_WARN_BOOL_CONVERSION = YES;
				CLANG_WARN_CONSTANT_CONVERSION = YES;
				CLANG_WARN_DIRECT_OBJC_ISA_USAGE = YES_ERROR;
				CLANG_WARN_DOCUMENTATION_COMMENTS = YES;
				CLANG_WARN_EMPTY_BODY = YES;
				CLANG_WARN_ENUM_CONVERSION = YES;
				CLANG_WARN_INFINITE_RECURSION = YES;
				CLANG_WARN_INT_CONVERSION = YES;
				CLANG_WARN_OBJC_ROOT_CLASS = YES_ERROR;
				CLANG_WARN_SUSPICIOUS_MOVES = YES;
				CLANG_WARN_UNREACHABLE_CODE = YES;
				CLANG_WARN__DUPLICATE_METHOD_MATCH = YES;
				"CODE_SIGN_IDENTITY[sdk=iphoneos*]" = "iPhone Developer";
				COPY_PHASE_STRIP = NO;
				DEBUG_INFORMATION_FORMAT = "dwarf-with-dsym";
				ENABLE_NS_ASSERTIONS = NO;
				ENABLE_STRICT_OBJC_MSGSEND = YES;
				GCC_C_LANGUAGE_STANDARD = gnu99;
				GCC_NO_COMMON_BLOCKS = YES;
				GCC_WARN_64_TO_32_BIT_CONVERSION = YES;
				GCC_WARN_ABOUT_RETURN_TYPE = YES_ERROR;
				GCC_WARN_UNDECLARED_SELECTOR = YES;
				GCC_WARN_UNINITIALIZED_AUTOS = YES_AGGRESSIVE;
				GCC_WARN_UNUSED_FUNCTION = YES;
				GCC_WARN_UNUSED_VARIABLE = YES;
				IPHONEOS_DEPLOYMENT_TARGET = 10.1;
				MTL_ENABLE_DEBUG_INFO = NO;
				SDKROOT = iphoneos;
				SWIFT_OPTIMIZATION_LEVEL = "-Owholemodule";
				TARGETED_DEVICE_FAMILY = "1,2";
				VALIDATE_PRODUCT = YES;
			};
			name = Release;
		};
		0190D6F41F2F209100ACDC6C /* Debug */ = {
			isa = XCBuildConfiguration;
			baseConfigurationReference = AB48E0BDF022889C17DE94EC /* Pods-IOSShuttle.debug.xcconfig */;
			buildSettings = {
				ASSETCATALOG_COMPILER_APPICON_NAME = AppIcon;
				DEVELOPMENT_TEAM = 62PYG5KRDL;
				INFOPLIST_FILE = IOSShuttle/Info.plist;
				LD_RUNPATH_SEARCH_PATHS = "$(inherited) @executable_path/Frameworks";
				PRODUCT_BUNDLE_IDENTIFIER = com.mitrais.IOSShuttle;
				PRODUCT_NAME = "$(TARGET_NAME)";
				SWIFT_VERSION = 3.0;
			};
			name = Debug;
		};
		0190D6F51F2F209100ACDC6C /* Release */ = {
			isa = XCBuildConfiguration;
			baseConfigurationReference = 54145CFBCDCB32E1D8EBCD4D /* Pods-IOSShuttle.release.xcconfig */;
			buildSettings = {
				ASSETCATALOG_COMPILER_APPICON_NAME = AppIcon;
				DEVELOPMENT_TEAM = 62PYG5KRDL;
				INFOPLIST_FILE = IOSShuttle/Info.plist;
				LD_RUNPATH_SEARCH_PATHS = "$(inherited) @executable_path/Frameworks";
				PRODUCT_BUNDLE_IDENTIFIER = com.mitrais.IOSShuttle;
				PRODUCT_NAME = "$(TARGET_NAME)";
				SWIFT_VERSION = 3.0;
			};
			name = Release;
		};
/* End XCBuildConfiguration section */

/* Begin XCConfigurationList section */
		0190D6D91F2F209100ACDC6C /* Build configuration list for PBXProject "IOSShuttle" */ = {
			isa = XCConfigurationList;
			buildConfigurations = (
				0190D6F11F2F209100ACDC6C /* Debug */,
				0190D6F21F2F209100ACDC6C /* Release */,
			);
			defaultConfigurationIsVisible = 0;
			defaultConfigurationName = Release;
		};
		0190D6F31F2F209100ACDC6C /* Build configuration list for PBXNativeTarget "IOSShuttle" */ = {
			isa = XCConfigurationList;
			buildConfigurations = (
				0190D6F41F2F209100ACDC6C /* Debug */,
				0190D6F51F2F209100ACDC6C /* Release */,
			);
			defaultConfigurationIsVisible = 0;
			defaultConfigurationName = Release;
		};
/* End XCConfigurationList section */

/* Begin XCVersionGroup section */
		0190D6E81F2F209100ACDC6C /* IOSShuttle.xcdatamodeld */ = {
			isa = XCVersionGroup;
			children = (
				0190D6E91F2F209100ACDC6C /* IOSShuttle.xcdatamodel */,
			);
			currentVersion = 0190D6E91F2F209100ACDC6C /* IOSShuttle.xcdatamodel */;
			path = IOSShuttle.xcdatamodeld;
			sourceTree = "<group>";
			versionGroupType = wrapper.xcdatamodel;
		};
/* End XCVersionGroup section */
	};
	rootObject = 0190D6D61F2F209100ACDC6C /* Project object */;
}
